{
  "version": "4",
  "specifiers": {
    "npm:@ameinhardt/unocss-preset-daisy@^1.1.3": "1.1.3_daisyui@4.12.22_unocss@0.65.2__typescript@5.7.2_postcss@8.4.49_typescript@5.7.2",
    "npm:@iconify-json/fa6-brands@^1.2.5": "1.2.5",
    "npm:@iconify-json/fa@^1.2.1": "1.2.1",
    "npm:@iconify-json/mdi@^1.2.2": "1.2.2",
    "npm:@iconify-json/simple-icons@^1.2.16": "1.2.16",
    "npm:@unocss/cli@~0.65.2": "0.65.2",
    "npm:@unocss/reset@~0.65.2": "0.65.2",
    "npm:daisyui@^4.12.22": "4.12.22",
    "npm:jquery-validation-unobtrusive@4": "4.0.0_jquery@3.7.1",
    "npm:jquery-validation@^1.21.0": "1.21.0_jquery@3.7.1",
    "npm:jquery@^3.7.1": "3.7.1",
    "npm:svgo@^3.3.2": "3.3.2",
    "npm:typescript@^5.7.2": "5.7.2",
    "npm:unocss@~0.65.2": "0.65.2_typescript@5.7.2"
  },
  "npm": {
    "@ameinhardt/unocss-preset-daisy@1.1.3_daisyui@4.12.22_unocss@0.65.2__typescript@5.7.2_postcss@8.4.49_typescript@5.7.2": {
      "integrity": "sha512-t+Xw/MTqYwN8TJZ09HCS5hgMo6VgBOHMubpy7cVNpkyzOSZF26At7qupIjrGBZk+QA/qMPYtd8qvYiiWctW+rA==",
      "dependencies": [
        "@tailwindcss/nesting",
        "daisyui@4.12.22_postcss@8.4.49",
        "postcss",
        "unocss@0.65.2_postcss@8.4.49_typescript@5.7.2"
      ]
    },
    "@ampproject/remapping@2.3.0": {
      "integrity": "sha512-30iZtAPgz+LTIYoeivqYo853f02jBYSd5uGnGpkFV0M3xOt9aN73erkgYAmZU43x4VfqcnLxW9Kpg3R5LC4YYw==",
      "dependencies": [
        "@jridgewell/gen-mapping",
        "@jridgewell/trace-mapping"
      ]
    },
    "@antfu/install-pkg@0.4.1": {
      "integrity": "sha512-T7yB5QNG29afhWVkVq7XeIMBa5U/vs9mX69YqayXypPRmYzUmzwnYltplHmPtZ4HPCn+sQKeXW8I47wCbuBOjw==",
      "dependencies": [
        "package-manager-detector",
        "tinyexec"
      ]
    },
    "@antfu/utils@0.7.10": {
      "integrity": "sha512-+562v9k4aI80m1+VuMHehNJWLOFjBnXn3tdOitzD0il5b7smkSBal4+a3oKiQTbrwMmN/TBUMDvbdoWDehgOww=="
    },
    "@babel/helper-string-parser@7.25.9": {
      "integrity": "sha512-4A/SCr/2KLd5jrtOMFzaKjVtAei3+2r/NChoBNoZ3EyP/+GlhoaEGoWOZUmFmoITP7zOJyHIMm+DYRd8o3PvHA=="
    },
    "@babel/helper-validator-identifier@7.25.9": {
      "integrity": "sha512-Ed61U6XJc3CVRfkERJWDz4dJwKe7iLmmJsbOGu9wSloNSFttHV0I8g6UAgb7qnK5ly5bGLPd4oXZlxCdANBOWQ=="
    },
    "@babel/parser@7.26.3": {
      "integrity": "sha512-WJ/CvmY8Mea8iDXo6a7RK2wbmJITT5fN3BEkRuFlxVyNx8jOKIIhmC4fSkTcPcf8JyavbBwIe6OpiCOBXt/IcA==",
      "dependencies": [
        "@babel/types"
      ]
    },
    "@babel/types@7.26.3": {
      "integrity": "sha512-vN5p+1kl59GVKMvTHt55NzzmYVxprfJD+ql7U9NFIfKCBkYE55LYtS+WtPlaYOyzydrKI8Nezd+aZextrd+FMA==",
      "dependencies": [
        "@babel/helper-string-parser",
        "@babel/helper-validator-identifier"
      ]
    },
    "@esbuild/aix-ppc64@0.23.1": {
      "integrity": "sha512-6VhYk1diRqrhBAqpJEdjASR/+WVRtfjpqKuNw11cLiaWpAT/Uu+nokB+UJnevzy/P9C/ty6AOe0dwueMrGh/iQ=="
    },
    "@esbuild/aix-ppc64@0.24.0": {
      "integrity": "sha512-WtKdFM7ls47zkKHFVzMz8opM7LkcsIp9amDUBIAWirg70RM71WRSjdILPsY5Uv1D42ZpUfaPILDlfactHgsRkw=="
    },
    "@esbuild/android-arm64@0.23.1": {
      "integrity": "sha512-xw50ipykXcLstLeWH7WRdQuysJqejuAGPd30vd1i5zSyKK3WE+ijzHmLKxdiCMtH1pHz78rOg0BKSYOSB/2Khw=="
    },
    "@esbuild/android-arm64@0.24.0": {
      "integrity": "sha512-Vsm497xFM7tTIPYK9bNTYJyF/lsP590Qc1WxJdlB6ljCbdZKU9SY8i7+Iin4kyhV/KV5J2rOKsBQbB77Ab7L/w=="
    },
    "@esbuild/android-arm@0.23.1": {
      "integrity": "sha512-uz6/tEy2IFm9RYOyvKl88zdzZfwEfKZmnX9Cj1BHjeSGNuGLuMD1kR8y5bteYmwqKm1tj8m4cb/aKEorr6fHWQ=="
    },
    "@esbuild/android-arm@0.24.0": {
      "integrity": "sha512-arAtTPo76fJ/ICkXWetLCc9EwEHKaeya4vMrReVlEIUCAUncH7M4bhMQ+M9Vf+FFOZJdTNMXNBrWwW+OXWpSew=="
    },
    "@esbuild/android-x64@0.23.1": {
      "integrity": "sha512-nlN9B69St9BwUoB+jkyU090bru8L0NA3yFvAd7k8dNsVH8bi9a8cUAUSEcEEgTp2z3dbEDGJGfP6VUnkQnlReg=="
    },
    "@esbuild/android-x64@0.24.0": {
      "integrity": "sha512-t8GrvnFkiIY7pa7mMgJd7p8p8qqYIz1NYiAoKc75Zyv73L3DZW++oYMSHPRarcotTKuSs6m3hTOa5CKHaS02TQ=="
    },
    "@esbuild/darwin-arm64@0.23.1": {
      "integrity": "sha512-YsS2e3Wtgnw7Wq53XXBLcV6JhRsEq8hkfg91ESVadIrzr9wO6jJDMZnCQbHm1Guc5t/CdDiFSSfWP58FNuvT3Q=="
    },
    "@esbuild/darwin-arm64@0.24.0": {
      "integrity": "sha512-CKyDpRbK1hXwv79soeTJNHb5EiG6ct3efd/FTPdzOWdbZZfGhpbcqIpiD0+vwmpu0wTIL97ZRPZu8vUt46nBSw=="
    },
    "@esbuild/darwin-x64@0.23.1": {
      "integrity": "sha512-aClqdgTDVPSEGgoCS8QDG37Gu8yc9lTHNAQlsztQ6ENetKEO//b8y31MMu2ZaPbn4kVsIABzVLXYLhCGekGDqw=="
    },
    "@esbuild/darwin-x64@0.24.0": {
      "integrity": "sha512-rgtz6flkVkh58od4PwTRqxbKH9cOjaXCMZgWD905JOzjFKW+7EiUObfd/Kav+A6Gyud6WZk9w+xu6QLytdi2OA=="
    },
    "@esbuild/freebsd-arm64@0.23.1": {
      "integrity": "sha512-h1k6yS8/pN/NHlMl5+v4XPfikhJulk4G+tKGFIOwURBSFzE8bixw1ebjluLOjfwtLqY0kewfjLSrO6tN2MgIhA=="
    },
    "@esbuild/freebsd-arm64@0.24.0": {
      "integrity": "sha512-6Mtdq5nHggwfDNLAHkPlyLBpE5L6hwsuXZX8XNmHno9JuL2+bg2BX5tRkwjyfn6sKbxZTq68suOjgWqCicvPXA=="
    },
    "@esbuild/freebsd-x64@0.23.1": {
      "integrity": "sha512-lK1eJeyk1ZX8UklqFd/3A60UuZ/6UVfGT2LuGo3Wp4/z7eRTRYY+0xOu2kpClP+vMTi9wKOfXi2vjUpO1Ro76g=="
    },
    "@esbuild/freebsd-x64@0.24.0": {
      "integrity": "sha512-D3H+xh3/zphoX8ck4S2RxKR6gHlHDXXzOf6f/9dbFt/NRBDIE33+cVa49Kil4WUjxMGW0ZIYBYtaGCa2+OsQwQ=="
    },
    "@esbuild/linux-arm64@0.23.1": {
      "integrity": "sha512-/93bf2yxencYDnItMYV/v116zff6UyTjo4EtEQjUBeGiVpMmffDNUyD9UN2zV+V3LRV3/on4xdZ26NKzn6754g=="
    },
    "@esbuild/linux-arm64@0.24.0": {
      "integrity": "sha512-TDijPXTOeE3eaMkRYpcy3LarIg13dS9wWHRdwYRnzlwlA370rNdZqbcp0WTyyV/k2zSxfko52+C7jU5F9Tfj1g=="
    },
    "@esbuild/linux-arm@0.23.1": {
      "integrity": "sha512-CXXkzgn+dXAPs3WBwE+Kvnrf4WECwBdfjfeYHpMeVxWE0EceB6vhWGShs6wi0IYEqMSIzdOF1XjQ/Mkm5d7ZdQ=="
    },
    "@esbuild/linux-arm@0.24.0": {
      "integrity": "sha512-gJKIi2IjRo5G6Glxb8d3DzYXlxdEj2NlkixPsqePSZMhLudqPhtZ4BUrpIuTjJYXxvF9njql+vRjB2oaC9XpBw=="
    },
    "@esbuild/linux-ia32@0.23.1": {
      "integrity": "sha512-VTN4EuOHwXEkXzX5nTvVY4s7E/Krz7COC8xkftbbKRYAl96vPiUssGkeMELQMOnLOJ8k3BY1+ZY52tttZnHcXQ=="
    },
    "@esbuild/linux-ia32@0.24.0": {
      "integrity": "sha512-K40ip1LAcA0byL05TbCQ4yJ4swvnbzHscRmUilrmP9Am7//0UjPreh4lpYzvThT2Quw66MhjG//20mrufm40mA=="
    },
    "@esbuild/linux-loong64@0.23.1": {
      "integrity": "sha512-Vx09LzEoBa5zDnieH8LSMRToj7ir/Jeq0Gu6qJ/1GcBq9GkfoEAoXvLiW1U9J1qE/Y/Oyaq33w5p2ZWrNNHNEw=="
    },
    "@esbuild/linux-loong64@0.24.0": {
      "integrity": "sha512-0mswrYP/9ai+CU0BzBfPMZ8RVm3RGAN/lmOMgW4aFUSOQBjA31UP8Mr6DDhWSuMwj7jaWOT0p0WoZ6jeHhrD7g=="
    },
    "@esbuild/linux-mips64el@0.23.1": {
      "integrity": "sha512-nrFzzMQ7W4WRLNUOU5dlWAqa6yVeI0P78WKGUo7lg2HShq/yx+UYkeNSE0SSfSure0SqgnsxPvmAUu/vu0E+3Q=="
    },
    "@esbuild/linux-mips64el@0.24.0": {
      "integrity": "sha512-hIKvXm0/3w/5+RDtCJeXqMZGkI2s4oMUGj3/jM0QzhgIASWrGO5/RlzAzm5nNh/awHE0A19h/CvHQe6FaBNrRA=="
    },
    "@esbuild/linux-ppc64@0.23.1": {
      "integrity": "sha512-dKN8fgVqd0vUIjxuJI6P/9SSSe/mB9rvA98CSH2sJnlZ/OCZWO1DJvxj8jvKTfYUdGfcq2dDxoKaC6bHuTlgcw=="
    },
    "@esbuild/linux-ppc64@0.24.0": {
      "integrity": "sha512-HcZh5BNq0aC52UoocJxaKORfFODWXZxtBaaZNuN3PUX3MoDsChsZqopzi5UupRhPHSEHotoiptqikjN/B77mYQ=="
    },
    "@esbuild/linux-riscv64@0.23.1": {
      "integrity": "sha512-5AV4Pzp80fhHL83JM6LoA6pTQVWgB1HovMBsLQ9OZWLDqVY8MVobBXNSmAJi//Csh6tcY7e7Lny2Hg1tElMjIA=="
    },
    "@esbuild/linux-riscv64@0.24.0": {
      "integrity": "sha512-bEh7dMn/h3QxeR2KTy1DUszQjUrIHPZKyO6aN1X4BCnhfYhuQqedHaa5MxSQA/06j3GpiIlFGSsy1c7Gf9padw=="
    },
    "@esbuild/linux-s390x@0.23.1": {
      "integrity": "sha512-9ygs73tuFCe6f6m/Tb+9LtYxWR4c9yg7zjt2cYkjDbDpV/xVn+68cQxMXCjUpYwEkze2RcU/rMnfIXNRFmSoDw=="
    },
    "@esbuild/linux-s390x@0.24.0": {
      "integrity": "sha512-ZcQ6+qRkw1UcZGPyrCiHHkmBaj9SiCD8Oqd556HldP+QlpUIe2Wgn3ehQGVoPOvZvtHm8HPx+bH20c9pvbkX3g=="
    },
    "@esbuild/linux-x64@0.23.1": {
      "integrity": "sha512-EV6+ovTsEXCPAp58g2dD68LxoP/wK5pRvgy0J/HxPGB009omFPv3Yet0HiaqvrIrgPTBuC6wCH1LTOY91EO5hQ=="
    },
    "@esbuild/linux-x64@0.24.0": {
      "integrity": "sha512-vbutsFqQ+foy3wSSbmjBXXIJ6PL3scghJoM8zCL142cGaZKAdCZHyf+Bpu/MmX9zT9Q0zFBVKb36Ma5Fzfa8xA=="
    },
    "@esbuild/netbsd-x64@0.23.1": {
      "integrity": "sha512-aevEkCNu7KlPRpYLjwmdcuNz6bDFiE7Z8XC4CPqExjTvrHugh28QzUXVOZtiYghciKUacNktqxdpymplil1beA=="
    },
    "@esbuild/netbsd-x64@0.24.0": {
      "integrity": "sha512-hjQ0R/ulkO8fCYFsG0FZoH+pWgTTDreqpqY7UnQntnaKv95uP5iW3+dChxnx7C3trQQU40S+OgWhUVwCjVFLvg=="
    },
    "@esbuild/openbsd-arm64@0.23.1": {
      "integrity": "sha512-3x37szhLexNA4bXhLrCC/LImN/YtWis6WXr1VESlfVtVeoFJBRINPJ3f0a/6LV8zpikqoUg4hyXw0sFBt5Cr+Q=="
    },
    "@esbuild/openbsd-arm64@0.24.0": {
      "integrity": "sha512-MD9uzzkPQbYehwcN583yx3Tu5M8EIoTD+tUgKF982WYL9Pf5rKy9ltgD0eUgs8pvKnmizxjXZyLt0z6DC3rRXg=="
    },
    "@esbuild/openbsd-x64@0.23.1": {
      "integrity": "sha512-aY2gMmKmPhxfU+0EdnN+XNtGbjfQgwZj43k8G3fyrDM/UdZww6xrWxmDkuz2eCZchqVeABjV5BpildOrUbBTqA=="
    },
    "@esbuild/openbsd-x64@0.24.0": {
      "integrity": "sha512-4ir0aY1NGUhIC1hdoCzr1+5b43mw99uNwVzhIq1OY3QcEwPDO3B7WNXBzaKY5Nsf1+N11i1eOfFcq+D/gOS15Q=="
    },
    "@esbuild/sunos-x64@0.23.1": {
      "integrity": "sha512-RBRT2gqEl0IKQABT4XTj78tpk9v7ehp+mazn2HbUeZl1YMdaGAQqhapjGTCe7uw7y0frDi4gS0uHzhvpFuI1sA=="
    },
    "@esbuild/sunos-x64@0.24.0": {
      "integrity": "sha512-jVzdzsbM5xrotH+W5f1s+JtUy1UWgjU0Cf4wMvffTB8m6wP5/kx0KiaLHlbJO+dMgtxKV8RQ/JvtlFcdZ1zCPA=="
    },
    "@esbuild/win32-arm64@0.23.1": {
      "integrity": "sha512-4O+gPR5rEBe2FpKOVyiJ7wNDPA8nGzDuJ6gN4okSA1gEOYZ67N8JPk58tkWtdtPeLz7lBnY6I5L3jdsr3S+A6A=="
    },
    "@esbuild/win32-arm64@0.24.0": {
      "integrity": "sha512-iKc8GAslzRpBytO2/aN3d2yb2z8XTVfNV0PjGlCxKo5SgWmNXx82I/Q3aG1tFfS+A2igVCY97TJ8tnYwpUWLCA=="
    },
    "@esbuild/win32-ia32@0.23.1": {
      "integrity": "sha512-BcaL0Vn6QwCwre3Y717nVHZbAa4UBEigzFm6VdsVdT/MbZ38xoj1X9HPkZhbmaBGUD1W8vxAfffbDe8bA6AKnQ=="
    },
    "@esbuild/win32-ia32@0.24.0": {
      "integrity": "sha512-vQW36KZolfIudCcTnaTpmLQ24Ha1RjygBo39/aLkM2kmjkWmZGEJ5Gn9l5/7tzXA42QGIoWbICfg6KLLkIw6yw=="
    },
    "@esbuild/win32-x64@0.23.1": {
      "integrity": "sha512-BHpFFeslkWrXWyUPnbKm+xYYVYruCinGcftSBaa8zoF9hZO4BcSCFUvHVTtzpIY6YzUnYtuEhZ+C9iEXjxnasg=="
    },
    "@esbuild/win32-x64@0.24.0": {
      "integrity": "sha512-7IAFPrjSQIJrGsK6flwg7NFmwBoSTyF3rl7If0hNUFQU4ilTsEPL6GuMuU9BfIWVVGuRnuIidkSMC+c0Otu8IA=="
    },
    "@iconify-json/fa6-brands@1.2.5": {
      "integrity": "sha512-U/iFfziz6jSN9zArOJZYTtoj2tQyh6MxPdI8M84DQ2kEulPaj8j+h9bqvjmzszNHmD7v+kmmKd/MLkMKk+3Zuw==",
      "dependencies": [
        "@iconify/types"
      ]
    },
    "@iconify-json/fa@1.2.1": {
      "integrity": "sha512-aY2+tQNWq5ch+ShtAz3KKbNrFfwf4BPrXvyN7S4/lcf6Wms+kIxsd7C7KortzHZhoBnbhVN+qo+YUWLW7rLs9Q==",
      "dependencies": [
        "@iconify/types"
      ]
    },
    "@iconify-json/mdi@1.2.2": {
      "integrity": "sha512-84aznJXzfGdbOXGe8xB7E5uNAb7Yo5IABwTgq2X3kczb819qZeS9eL31bTVn7wJdCLK5ieaoUc2GTS3QYIkJ6g==",
      "dependencies": [
        "@iconify/types"
      ]
    },
    "@iconify-json/simple-icons@1.2.16": {
      "integrity": "sha512-mnQ0Ih8CDIgOqbi0qz01AJNOeFVuGFRimelg3JmJtD0y5EpZVw+enPPcpcxJKipsRZ/oqhcP3AhYkF1kM7yomg==",
      "dependencies": [
        "@iconify/types"
      ]
    },
    "@iconify/types@2.0.0": {
      "integrity": "sha512-+wluvCrRhXrhyOmRDJ3q8mux9JkKy5SJ/v8ol2tu4FVjyYvtEzkc/3pK15ET6RKg4b4w4BmTk1+gsCUhf21Ykg=="
    },
    "@iconify/utils@2.2.1": {
      "integrity": "sha512-0/7J7hk4PqXmxo5PDBDxmnecw5PxklZJfNjIVG9FM0mEfVrvfudS22rYWsqVk6gR3UJ/mSYS90X4R3znXnqfNA==",
      "dependencies": [
        "@antfu/install-pkg",
        "@antfu/utils",
        "@iconify/types",
        "debug",
        "globals",
        "kolorist",
        "local-pkg",
        "mlly"
      ]
    },
    "@jridgewell/gen-mapping@0.3.8": {
      "integrity": "sha512-imAbBGkb+ebQyxKgzv5Hu2nmROxoDOXHh80evxdoXNOrvAnVx7zimzc1Oo5h9RlfV4vPXaE2iM5pOFbvOCClWA==",
      "dependencies": [
        "@jridgewell/set-array",
        "@jridgewell/sourcemap-codec",
        "@jridgewell/trace-mapping"
      ]
    },
    "@jridgewell/resolve-uri@3.1.2": {
      "integrity": "sha512-bRISgCIjP20/tbWSPWMEi54QVPRZExkuD9lJL+UIxUKtwVJA8wW1Trb1jMs1RFXo1CBTNZ/5hpC9QvmKWdopKw=="
    },
    "@jridgewell/set-array@1.2.1": {
      "integrity": "sha512-R8gLRTZeyp03ymzP/6Lil/28tGeGEzhx1q2k703KGWRAI1VdvPIXdG70VJc2pAMw3NA6JKL5hhFu1sJX0Mnn/A=="
    },
    "@jridgewell/sourcemap-codec@1.5.0": {
      "integrity": "sha512-gv3ZRaISU3fjPAgNsriBRqGWQL6quFx04YMPW/zD8XMLsU32mhCCbfbO6KZFLjvYpCZ8zyDEgqsgf+PwPaM7GQ=="
    },
    "@jridgewell/trace-mapping@0.3.25": {
      "integrity": "sha512-vNk6aEwybGtawWmy/PzwnGDOjCkLWSD2wqvjGGAgOAwCGWySYXfYoxt00IJkTF+8Lb57DwOb3Aa0o9CApepiYQ==",
      "dependencies": [
        "@jridgewell/resolve-uri",
        "@jridgewell/sourcemap-codec"
      ]
    },
    "@polka/url@1.0.0-next.28": {
      "integrity": "sha512-8LduaNlMZGwdZ6qWrKlfa+2M4gahzFkprZiAt2TF8uS0qQgBizKXpXURqvTJ4WtmupWxaLqjRb2UCTe72mu+Aw=="
    },
    "@rollup/pluginutils@5.1.4": {
      "integrity": "sha512-USm05zrsFxYLPdWWq+K3STlWiT/3ELn3RcV5hJMghpeAIhxfsUIg6mt12CBJBInWMV4VneoV7SfGv8xIwo2qNQ==",
      "dependencies": [
        "@types/estree",
        "estree-walker",
        "picomatch@4.0.2"
      ]
    },
    "@rollup/rollup-android-arm-eabi@4.29.0": {
      "integrity": "sha512-TnF0md3qWSRDlU96y9+0dd5RNrlXiQUp1K2pK1UpNmjeND+o9ts9Jxv3G6ntagkt8jVh0KAT1VYgU0nCz5gt2w=="
    },
    "@rollup/rollup-android-arm64@4.29.0": {
      "integrity": "sha512-L/7oX07eY6ACt2NXDrku1JIPdf9VGV/DI92EjAd8FRDzMMub5hXFpT1OegBqimJh9xy9Vv+nToaVtZp4Ku9SEA=="
    },
    "@rollup/rollup-darwin-arm64@4.29.0": {
      "integrity": "sha512-I1ZucWPVS96hjAsMSJiGosHTqMulMynrmTN+Xde5OsLcU5SjE0xylBmQ/DbB2psJ+HasINrJYz8HQpojtAw2eA=="
    },
    "@rollup/rollup-darwin-x64@4.29.0": {
      "integrity": "sha512-CTZ+lHMsTbH1q/XLKzmnJWxl2r/1xdv7cnjwbi5v+95nVA1syikxWLvqur4nDoGDHjC8oNMBGurnQptpuFJHXA=="
    },
    "@rollup/rollup-freebsd-arm64@4.29.0": {
      "integrity": "sha512-BB8+4OMzk2JiKL5+aK8A0pi9DPB5pkIBZWXr19+grdez9b0VKihvV432uSwuZLO0sI6zCyxak8NO3mZ1yjM1jA=="
    },
    "@rollup/rollup-freebsd-x64@4.29.0": {
      "integrity": "sha512-Udz9Uh26uEE6phGMG2++TfpsLK/z4cYJqrIOyVhig/PMoWiZLghpjZUQvsAylsoztbpg0/QmplkDAyyVq0x6Jg=="
    },
    "@rollup/rollup-linux-arm-gnueabihf@4.29.0": {
      "integrity": "sha512-IPSCTzP8GRYzY+siSnggIKrckC2U+kVXoen6eSHRDgU9a4EZCHHWWOiKio1EkieOOk2j6EvZaaHfQUCmt8UJBg=="
    },
    "@rollup/rollup-linux-arm-musleabihf@4.29.0": {
      "integrity": "sha512-GvHPu0UIDx+ohyS8vTYnwoSVMM5BH3NO+JwQs6GWNCuQVlC5rKxnH2WClTGu3NxiIfhKLai08IKUwn3QbzX1UQ=="
    },
    "@rollup/rollup-linux-arm64-gnu@4.29.0": {
      "integrity": "sha512-Pnnn/2CAZWcH9GQoj1nnr85Ejh7aNDe5MsEV0xhuFNUPF0SdnutJ7b2muOI5Kx12T0/i2ol5B/tlhMviZQDL3g=="
    },
    "@rollup/rollup-linux-arm64-musl@4.29.0": {
      "integrity": "sha512-AP+DLj4q9FT22ZL43ssA3gizEn7/MfJcZ1BOuyEPqoriuH3a8VRuDddN0MtpUwEtiZL6jc1GY5/eL99hkloQ1Q=="
    },
    "@rollup/rollup-linux-loongarch64-gnu@4.29.0": {
      "integrity": "sha512-1+jPFClHmDATqbk0Cwi74KEOymVcs09Vbqe/CTKqLwCP0TeP2CACfnMnjYBs5CJgO20e/4bxFtmbR/9fKE1gug=="
    },
    "@rollup/rollup-linux-powerpc64le-gnu@4.29.0": {
      "integrity": "sha512-Nmt5Us5w2dL8eh7QVyAIDVVwBv4wk8ljrBQe7lWkLaOcwABDaFQ3K4sAAC6IsOdJwaXXW+d85zVaMN+Xl8Co2w=="
    },
    "@rollup/rollup-linux-riscv64-gnu@4.29.0": {
      "integrity": "sha512-KGuQ8WGhnq09LR7eOru7P9jfBSYXTMhq6TyavWfmEo+TxvkvuRwOCee5lPIa6HYjblOuFr4GeOxSE0c8iyw2Fg=="
    },
    "@rollup/rollup-linux-s390x-gnu@4.29.0": {
      "integrity": "sha512-lSQtvrYIONme7a4gbf4O9d3zbZat3/5covIeoqk27ZIkTgBeL/67x+wq2bZfpLjkqQQp5SjBPQ/n0sg8iArzTg=="
    },
    "@rollup/rollup-linux-x64-gnu@4.29.0": {
      "integrity": "sha512-qh0ussrXBwnF4L07M9t1+jpHRhiGSae+wpNQDbmlXHXciT7pqpZ5zpk4dyGZPtDGB2l2clDiufE16BufXPGRWQ=="
    },
    "@rollup/rollup-linux-x64-musl@4.29.0": {
      "integrity": "sha512-YEABzSaRS7+v14yw6MVBZoMqLoUyTX1/sJoGeC0euvgMrzvw0i+jHo4keDZgYeOblfwdseVAf6ylxWSvcBAKTA=="
    },
    "@rollup/rollup-win32-arm64-msvc@4.29.0": {
      "integrity": "sha512-jA4+oxG7QTTtSQxwSHzFVwShcppHO2DpkbAM59pfD5WMG/da79yQaeBtXAfGTI+ciUx8hqK3RF3H2KWByITXtQ=="
    },
    "@rollup/rollup-win32-ia32-msvc@4.29.0": {
      "integrity": "sha512-4TQbLoAQVu9uE+cvh47JnjRZylXVdRCoOkRSVF2Rr2T0U1YwphGRjR0sHyRPEt95y3ETT4YFTTzQPq1O4bcjmw=="
    },
    "@rollup/rollup-win32-x64-msvc@4.29.0": {
      "integrity": "sha512-GsFvcTZ7Yj9k94Qm0qgav7pxmQ7lQDR9NjoelRaxeV1UF6JSDfanR/2tHZ8hS7Ps4KPIVf5AElYPRPmN/Q0ZkQ=="
    },
    "@tailwindcss/nesting@0.0.0-insiders.565cd3e_postcss@8.4.49": {
      "integrity": "sha512-WhHoFBx19TnH/c+xLwT/sxei6+4RpdfiyG3MYXfmLaMsADmVqBkF7B6lDalgZD9YdM459MF7DtxVbWkOrV7IaQ==",
      "dependencies": [
        "postcss",
        "postcss-nested"
      ]
    },
    "@trysound/sax@0.2.0": {
      "integrity": "sha512-L7z9BgrNEcYyUYtF+HaEfiS5ebkh9jXqbszz7pC0hRBPaatV0XjSD3+eHrpqFemQfgwiFF0QPIarnIihIDn7OA=="
    },
    "@types/estree@1.0.6": {
      "integrity": "sha512-AYnb1nQyY49te+VRAVgmzfcgjYS91mY5P0TKUDCLEM+gNnA+3T6rWITXRLYCpahpqSQbN5cE+gHpnPyXjHWxcw=="
    },
    "@unocss/astro@0.65.2_typescript@5.7.2": {
      "integrity": "sha512-lpGoleJToxaYeN5LTGrNbvbXATNWswgoQwlljIJ9kWOjx4NbGC71pXRvDQSb9yRFDTCr5S2hMtupna4ulrHisA==",
      "dependencies": [
        "@unocss/core",
        "@unocss/reset",
        "@unocss/vite"
      ]
    },
    "@unocss/cli@0.65.2": {
      "integrity": "sha512-N2SeSeGNNuWUQAtsOC02Uqhm1wCtyoRRmh8ylzA/NttbXJlqg5P03vxGfzmaRA+VJhNLwjFqhYE6Yuu4nqCwlg==",
      "dependencies": [
        "@ampproject/remapping",
        "@rollup/pluginutils",
        "@unocss/config",
        "@unocss/core",
        "@unocss/preset-uno",
        "cac",
        "chokidar",
        "colorette",
        "consola",
        "magic-string",
        "pathe",
        "perfect-debounce",
        "tinyglobby"
      ]
    },
    "@unocss/config@0.65.2": {
      "integrity": "sha512-HDQVoWwrkZ6qRCXus11bUM12eNoErZ7r4lPY5EQqtrwxAcul+l5StvYk0qXr3IC8Ct42RDjKGeM03o7VBpwafQ==",
      "dependencies": [
        "@unocss/core",
        "unconfig"
      ]
    },
    "@unocss/core@0.65.2": {
      "integrity": "sha512-37zj1w/6TENsUMzRRmlH5LqUcLGTTjGHrUeZ5KZyeDk+osB/rHSCw0VqqqvL6a7cOHgaW88JgfgKDt5ijRZyFA=="
    },
    "@unocss/extractor-arbitrary-variants@0.65.2": {
      "integrity": "sha512-G+Fq7i2mTyFv+RdkbahGJFwUR9FbsGCHi+Wt8Eb7cbELWi/R4mUftfW9/q6NaIRKvmLywjWbEQ31qTJIQEO+PQ==",
      "dependencies": [
        "@unocss/core"
      ]
    },
    "@unocss/inspector@0.65.2_typescript@5.7.2": {
      "integrity": "sha512-90kBrMiQqHpGzPhT9ot7bDAFs+G9RxWROVxrT/JwDqNe+OmcLh5uETO84NU0ScurniEJ8umGBLqmsPGLmHML2g==",
      "dependencies": [
        "@unocss/core",
        "@unocss/rule-utils",
        "gzip-size",
        "sirv",
        "vue-flow-layout"
      ]
    },
    "@unocss/postcss@0.65.2_postcss@8.4.49": {
      "integrity": "sha512-vhBWsXnuWUP7qybnucle+gja1YBjL2NRfzCwSaOoRc7C5y201mqfC55AFqjGdxEAcqeeXVtx98Y1oh0FSa5GzA==",
      "dependencies": [
        "@unocss/config",
        "@unocss/core",
        "@unocss/rule-utils",
        "css-tree@3.1.0",
        "postcss",
        "tinyglobby"
      ]
    },
    "@unocss/preset-attributify@0.65.2": {
      "integrity": "sha512-Aj67qbRoBPYutJasi7EKUaxKwJwEvhA0SVYjXwZG3kjTTBkp1rJvNI0wGXbdz9FkesymiC1KgzBF2UCsFsZ0dQ==",
      "dependencies": [
        "@unocss/core"
      ]
    },
    "@unocss/preset-icons@0.65.2": {
      "integrity": "sha512-NruqU6PlRzyJT0qJQL3yZ/7KrolIWRfXQf82ZfAktPTHYgvaSS4+KtlStsoYSXLSGjPydMlXuYlj8Pum5rTTjw==",
      "dependencies": [
        "@iconify/utils",
        "@unocss/core",
        "ofetch"
      ]
    },
    "@unocss/preset-mini@0.65.2": {
      "integrity": "sha512-zDDyFuLylmer91qeQ6qbMCP5+/zIeuZA0epLIriCfW3pR7FXzfJRu4R1ynpQjqryjUs/gwS0OWtvr4ufuwkryg==",
      "dependencies": [
        "@unocss/core",
        "@unocss/extractor-arbitrary-variants",
        "@unocss/rule-utils"
      ]
    },
    "@unocss/preset-tagify@0.65.2": {
      "integrity": "sha512-YFhne3eNfZUvKT/MJ7SgjK/FXLradgZCKc5XXsMXA4YTAhNAvQIUZCNmlBzaqDevwbyF6UlXxGHfHUA8CdpSWg==",
      "dependencies": [
        "@unocss/core"
      ]
    },
    "@unocss/preset-typography@0.65.2": {
      "integrity": "sha512-k/uOu2ASnBQtotMBsx9pOmCgS+pyn7/4mCiifoeTTLnhMK8F6dcGLbVQkOnUD2hsboKXJ1oHgd+1qX0QVr61ww==",
      "dependencies": [
        "@unocss/core",
        "@unocss/preset-mini"
      ]
    },
    "@unocss/preset-uno@0.65.2": {
      "integrity": "sha512-8HA21mlXwnkXHhtSKYbBYJTmtJN0ncUPSJKiavNGkJUB4cUUbEeFRx2aNIfhOjKYIcH/MNzRc2YYsAAM2s6vgw==",
      "dependencies": [
        "@unocss/core",
        "@unocss/preset-mini",
        "@unocss/preset-wind",
        "@unocss/rule-utils"
      ]
    },
    "@unocss/preset-web-fonts@0.65.2": {
      "integrity": "sha512-Pl0sKjhrb6FuDID3PMwGflZXwSVW1G1vZEwCd0yEwYH92421VEfK5D073cUtZ1l6irqIA3aux9uMWA9iKtQj7A==",
      "dependencies": [
        "@unocss/core",
        "ofetch"
      ]
    },
    "@unocss/preset-wind@0.65.2": {
      "integrity": "sha512-qNBJ6pnh9EYbTztmeJ+uZOB3TPx/JnQVHPGBBRD/v2AT11YR0/umdSKefIHbvXKuw/5/+JAwbFx/jSYu1naG6w==",
      "dependencies": [
        "@unocss/core",
        "@unocss/preset-mini",
        "@unocss/rule-utils"
      ]
    },
    "@unocss/reset@0.65.2": {
      "integrity": "sha512-9UmwqYjfdxyi6j1pMfuulipLCsdH2RlF+IOG53unYxulP4C8bvwMnj8Wk+AjMiG5mIOClYyVTGk3NMRPM73/eg=="
    },
    "@unocss/rule-utils@0.65.2": {
      "integrity": "sha512-Rw+B52F53gli5wHRR4dXjFrliH6Q8XaNeg55L2uVmg81lEeQCdxPOe0/KjPIEPQPJHOhCpFS3dCHwNROc+UggQ==",
      "dependencies": [
        "@unocss/core",
        "magic-string"
      ]
    },
    "@unocss/transformer-attributify-jsx@0.65.2": {
      "integrity": "sha512-Kan2EPHc65t/iHdjqJvtRgc+lUnq2uSDknsTrOk+w1N/ZmjcbVf2E6VXbxBCqmHowJVipeHrxeVX1POyBm0bTQ==",
      "dependencies": [
        "@unocss/core"
      ]
    },
    "@unocss/transformer-compile-class@0.65.2": {
      "integrity": "sha512-z615DntK0bN0v3QicEGVmzt57yXXB20GhpOBTsShq/nTnTP0v+Av1JTbGQBSg8lzmW0z7QdLhCvSAQs8OKMmRQ==",
      "dependencies": [
        "@unocss/core"
      ]
    },
    "@unocss/transformer-directives@0.65.2": {
      "integrity": "sha512-CwdjBoqWbX5FkJrt6Mpy6nBjppuQV2zvIma5W2rdd5XLsYeR0mhdbbQfgvRF94pFIR86ExfOKu/EI6bGuTcaHA==",
      "dependencies": [
        "@unocss/core",
        "@unocss/rule-utils",
        "css-tree@3.1.0"
      ]
    },
    "@unocss/transformer-variant-group@0.65.2": {
      "integrity": "sha512-Sh/WKN7lys2TUVnA3Nu7Yn3rLqy0OqfWSf6PbY1RKAD+N7cRlabu3vJF0gIMwV+rmVQnHs/k9BWjNPlB56Kl/A==",
      "dependencies": [
        "@unocss/core"
      ]
    },
    "@unocss/vite@0.65.2_vite@6.0.5_typescript@5.7.2": {
      "integrity": "sha512-MC2PqDB2tbYky7s1XTBoOAdtvUIwwl65qL1UbHTLYiWO9Q704IZUYvrdtpgieR+8IPu2dG2vUyIe3dbD4zPf9g==",
      "dependencies": [
        "@ampproject/remapping",
        "@rollup/pluginutils",
        "@unocss/config",
        "@unocss/core",
        "@unocss/inspector",
        "chokidar",
        "magic-string",
        "tinyglobby",
        "vite"
      ]
    },
    "@vue/compiler-core@3.5.13": {
      "integrity": "sha512-oOdAkwqUfW1WqpwSYJce06wvt6HljgY3fGeM9NcVA1HaYOij3mZG9Rkysn0OHuyUAGMbEbARIpsG+LPVlBJ5/Q==",
      "dependencies": [
        "@babel/parser",
        "@vue/shared",
        "entities",
        "estree-walker",
        "source-map-js"
      ]
    },
    "@vue/compiler-dom@3.5.13": {
      "integrity": "sha512-ZOJ46sMOKUjO3e94wPdCzQ6P1Lx/vhp2RSvfaab88Ajexs0AHeV0uasYhi99WPaogmBlRHNRuly8xV75cNTMDA==",
      "dependencies": [
        "@vue/compiler-core",
        "@vue/shared"
      ]
    },
    "@vue/compiler-sfc@3.5.13": {
      "integrity": "sha512-6VdaljMpD82w6c2749Zhf5T9u5uLBWKnVue6XWxprDobftnletJ8+oel7sexFfM3qIxNmVE7LSFGTpv6obNyaQ==",
      "dependencies": [
        "@babel/parser",
        "@vue/compiler-core",
        "@vue/compiler-dom",
        "@vue/compiler-ssr",
        "@vue/shared",
        "estree-walker",
        "magic-string",
        "postcss",
        "source-map-js"
      ]
    },
    "@vue/compiler-ssr@3.5.13": {
      "integrity": "sha512-wMH6vrYHxQl/IybKJagqbquvxpWCuVYpoUJfCqFZwa/JY1GdATAQ+TgVtgrwwMZ0D07QhA99rs/EAAWfvG6KpA==",
      "dependencies": [
        "@vue/compiler-dom",
        "@vue/shared"
      ]
    },
    "@vue/reactivity@3.5.13": {
      "integrity": "sha512-NaCwtw8o48B9I6L1zl2p41OHo/2Z4wqYGGIK1Khu5T7yxrn+ATOixn/Udn2m+6kZKB/J7cuT9DbWWhRxqixACg==",
      "dependencies": [
        "@vue/shared"
      ]
    },
    "@vue/runtime-core@3.5.13": {
      "integrity": "sha512-Fj4YRQ3Az0WTZw1sFe+QDb0aXCerigEpw418pw1HBUKFtnQHWzwojaukAs2X/c9DQz4MQ4bsXTGlcpGxU/RCIw==",
      "dependencies": [
        "@vue/reactivity",
        "@vue/shared"
      ]
    },
    "@vue/runtime-dom@3.5.13": {
      "integrity": "sha512-dLaj94s93NYLqjLiyFzVs9X6dWhTdAlEAciC3Moq7gzAc13VJUdCnjjRurNM6uTLFATRHexHCTu/Xp3eW6yoog==",
      "dependencies": [
        "@vue/reactivity",
        "@vue/runtime-core",
        "@vue/shared",
        "csstype"
      ]
    },
    "@vue/server-renderer@3.5.13_vue@3.5.13__typescript@5.7.2": {
      "integrity": "sha512-wAi4IRJV/2SAW3htkTlB+dHeRmpTiVIK1OGLWV1yeStVSebSQQOwGwIq0D3ZIoBj2C2qpgz5+vX9iEBkTdk5YA==",
      "dependencies": [
        "@vue/compiler-ssr",
        "@vue/shared",
        "vue"
      ]
    },
    "@vue/shared@3.5.13": {
      "integrity": "sha512-/hnE/qP5ZoGpol0a5mDi45bOd7t3tjYJBjsgCsivow7D48cJeV5l05RD82lPqi7gRiphZM37rnhW1l6ZoCNNnQ=="
    },
    "acorn@8.14.0": {
      "integrity": "sha512-cl669nCJTZBsL97OF4kUQm5g5hC2uihk0NxY3WENAC0TYdILVkAyHymAntgxGkl7K+t0cXIrH5siy5S4XkFycA=="
    },
    "anymatch@3.1.3": {
      "integrity": "sha512-KMReFUr0B4t+D+OBkjR3KYqvocp2XaSzO55UcB6mgQMd3KbcE+mWTyvVV7D/zsdEbNnV6acZUutkiHQXvTr1Rw==",
      "dependencies": [
        "normalize-path",
        "picomatch@2.3.1"
      ]
    },
    "binary-extensions@2.3.0": {
      "integrity": "sha512-Ceh+7ox5qe7LJuLHoY0feh3pHuUDHAcRUeyL2VYghZwfpkNIy/+8Ocg0a3UuSoYzavmylwuLWQOf3hl0jjMMIw=="
    },
    "boolbase@1.0.0": {
      "integrity": "sha512-JZOSA7Mo9sNGB8+UjSgzdLtokWAky1zbztM3WRLCbZ70/3cTANmQmOdR7y2g+J0e2WXywy1yS468tY+IruqEww=="
    },
    "braces@3.0.3": {
      "integrity": "sha512-yQbXgO/OSZVD2IsiLlro+7Hf6Q18EJrKSEsdoMzKePKXct3gvD8oLcOQdIzGupr5Fj+EDe8gO/lxc1BzfMpxvA==",
      "dependencies": [
        "fill-range"
      ]
    },
    "bundle-require@5.0.0_esbuild@0.24.0": {
      "integrity": "sha512-GuziW3fSSmopcx4KRymQEJVbZUfqlCqcq7dvs6TYwKRZiegK/2buMxQTPs6MGlNv50wms1699qYO54R8XfRX4w==",
      "dependencies": [
        "esbuild@0.24.0",
        "load-tsconfig"
      ]
    },
    "cac@6.7.14": {
      "integrity": "sha512-b6Ilus+c3RrdDk+JhLKUAQfzzgLEPy6wcXqS7f/xe1EETvsDP6GORG7SFuOs6cID5YkqchW/LXZbX5bc8j7ZcQ=="
    },
    "camelcase-css@2.0.1": {
      "integrity": "sha512-QOSvevhslijgYwRx6Rv7zKdMF8lbRmx+uQGx2+vDc+KI/eBnsy9kit5aj23AgGu3pa4t9AgwbnXWqS+iOY+2aA=="
    },
    "chokidar@3.6.0": {
      "integrity": "sha512-7VT13fmjotKpGipCW9JEQAusEPE+Ei8nl6/g4FBAmIm0GOOLMua9NDDo/DWp0ZAxCr3cPq5ZpBqmPAQgDda2Pw==",
      "dependencies": [
        "anymatch",
        "braces",
        "fsevents",
        "glob-parent",
        "is-binary-path",
        "is-glob",
        "normalize-path",
        "readdirp"
      ]
    },
    "colorette@2.0.20": {
      "integrity": "sha512-IfEDxwoWIjkeXL1eXcDiow4UbKjhLdq6/EuSVR9GMN7KVH3r9gQ83e73hsz1Nd1T3ijd5xv1wcWRYO+D6kCI2w=="
    },
    "commander@7.2.0": {
      "integrity": "sha512-QrWXB+ZQSVPmIWIhtEO9H+gwHaMGYiF5ChvoJ+K9ZGHG/sVsa6yiesAD1GC/x46sET00Xlwo1u49RVVVzvcSkw=="
    },
    "confbox@0.1.8": {
      "integrity": "sha512-RMtmw0iFkeR4YV+fUOSucriAQNb9g8zFR52MWCtl+cCZOFRNL6zeB395vPzFhEjjn4fMxXudmELnl/KF/WrK6w=="
    },
    "consola@3.3.0": {
      "integrity": "sha512-kxltocVQCwQNFvw40dlVRYeAkAvtYjMFZYNlOcsF5wExPpGwPxMwgx4IfDJvBRPtBpnQwItd5WkTaR0ZwT/TmQ=="
    },
    "css-select@5.1.0": {
      "integrity": "sha512-nwoRF1rvRRnnCqqY7updORDsuqKzqYJ28+oSMaJMMgOauh3fvwHqMS7EZpIPqK8GL+g9mKxF1vP/ZjSeNjEVHg==",
      "dependencies": [
        "boolbase",
        "css-what",
        "domhandler",
        "domutils",
        "nth-check"
      ]
    },
    "css-selector-tokenizer@0.8.0": {
      "integrity": "sha512-Jd6Ig3/pe62/qe5SBPTN8h8LeUg/pT4lLgtavPf7updwwHpvFzxvOQBHYj2LZDMjUnBzgvIUSjRcf6oT5HzHFg==",
      "dependencies": [
        "cssesc",
        "fastparse"
      ]
    },
    "css-tree@2.2.1": {
      "integrity": "sha512-OA0mILzGc1kCOCSJerOeqDxDQ4HOh+G8NbOJFOTgOCzpw7fCBubk0fEyxp8AgOL/jvLgYA/uV0cMbe43ElF1JA==",
      "dependencies": [
        "mdn-data@2.0.28",
        "source-map-js"
      ]
    },
    "css-tree@2.3.1": {
      "integrity": "sha512-6Fv1DV/TYw//QF5IzQdqsNDjx/wc8TrMBZsqjL9eW01tWb7R7k/mq+/VXfJCl7SoD5emsJop9cOByJZfs8hYIw==",
      "dependencies": [
        "mdn-data@2.0.30",
        "source-map-js"
      ]
    },
    "css-tree@3.1.0": {
      "integrity": "sha512-0eW44TGN5SQXU1mWSkKwFstI/22X2bG1nYzZTYMAWjylYURhse752YgbE4Cx46AC+bAvI+/dYTPRk1LqSUnu6w==",
      "dependencies": [
        "mdn-data@2.12.2",
        "source-map-js"
      ]
    },
    "css-what@6.1.0": {
      "integrity": "sha512-HTUrgRJ7r4dsZKU6GjmpfRK1O76h97Z8MfS1G0FozR+oF2kG6Vfe8JE6zwrkbxigziPHinCJ+gCPjA9EaBDtRw=="
    },
    "cssesc@3.0.0": {
      "integrity": "sha512-/Tb/JcjK111nNScGob5MNtsntNM1aCNUDipB/TkwZFhyDrrE47SOx/18wF2bbjgc3ZzCSKW1T5nt5EbFoAz/Vg=="
    },
    "csso@5.0.5": {
      "integrity": "sha512-0LrrStPOdJj+SPCCrGhzryycLjwcgUSHBtxNA8aIDxf0GLsRh1cKYhB00Gd1lDOS4yGH69+SNn13+TWbVHETFQ==",
      "dependencies": [
        "css-tree@2.2.1"
      ]
    },
    "csstype@3.1.3": {
      "integrity": "sha512-M1uQkMl8rQK/szD0LNhtqxIPLpimGm8sOBwU7lLnCpSbTyY3yeU1Vc7l4KT5zT4s/yOxHH5O7tIuuLOCnLADRw=="
    },
    "culori@3.3.0": {
      "integrity": "sha512-pHJg+jbuFsCjz9iclQBqyL3B2HLCBF71BwVNujUYEvCeQMvV97R59MNK3R2+jgJ3a1fcZgI9B3vYgz8lzr/BFQ=="
    },
    "daisyui@4.12.22": {
      "integrity": "sha512-HDLWbmTnXxhE1MrMgSWjVgdRt+bVYHvfNbW3GTsyIokRSqTHonUTrxV3RhpPDjGIWaHt+ELtDCTYCtUFgL2/Nw==",
      "dependencies": [
        "css-selector-tokenizer",
        "culori",
        "picocolors",
        "postcss-js"
      ]
    },
    "daisyui@4.12.22_postcss@8.4.49": {
      "integrity": "sha512-HDLWbmTnXxhE1MrMgSWjVgdRt+bVYHvfNbW3GTsyIokRSqTHonUTrxV3RhpPDjGIWaHt+ELtDCTYCtUFgL2/Nw==",
      "dependencies": [
        "css-selector-tokenizer",
        "culori",
        "picocolors",
        "postcss-js"
      ]
    },
    "debug@4.4.0": {
      "integrity": "sha512-6WTZ/IxCY/T6BALoZHaE4ctp9xm+Z5kY/pzYaCHRFeyVhojxlrm+46y68HA6hr0TcwEssoxNiDEUJQjfPZ/RYA==",
      "dependencies": [
        "ms"
      ]
    },
    "defu@6.1.4": {
      "integrity": "sha512-mEQCMmwJu317oSz8CwdIOdwf3xMif1ttiM8LTufzc3g6kR+9Pe236twL8j3IYT1F7GfRgGcW6MWxzZjLIkuHIg=="
    },
    "destr@2.0.3": {
      "integrity": "sha512-2N3BOUU4gYMpTP24s5rF5iP7BDr7uNTCs4ozw3kf/eKfvWSIu93GEBi5m427YoyJoeOzQ5smuu4nNAPGb8idSQ=="
    },
    "dom-serializer@2.0.0": {
      "integrity": "sha512-wIkAryiqt/nV5EQKqQpo3SToSOV9J0DnbJqwK7Wv/Trc92zIAYZ4FlMu+JPFW1DfGFt81ZTCGgDEabffXeLyJg==",
      "dependencies": [
        "domelementtype",
        "domhandler",
        "entities"
      ]
    },
    "domelementtype@2.3.0": {
      "integrity": "sha512-OLETBj6w0OsagBwdXnPdN0cnMfF9opN69co+7ZrbfPGrdpPVNBUj02spi6B1N7wChLQiPn4CSH/zJvXw56gmHw=="
    },
    "domhandler@5.0.3": {
      "integrity": "sha512-cgwlv/1iFQiFnU96XXgROh8xTeetsnJiDsTc7TYCLFd9+/WNkIqPTxiM/8pSd8VIrhXGTf1Ny1q1hquVqDJB5w==",
      "dependencies": [
        "domelementtype"
      ]
    },
    "domutils@3.1.0": {
      "integrity": "sha512-H78uMmQtI2AhgDJjWeQmHwJJ2bLPD3GMmO7Zja/ZZh84wkm+4ut+IUnUdRa8uCGX88DiVx1j6FRe1XfxEgjEZA==",
      "dependencies": [
        "dom-serializer",
        "domelementtype",
        "domhandler"
      ]
    },
    "duplexer@0.1.2": {
      "integrity": "sha512-jtD6YG370ZCIi/9GTaJKQxWTZD045+4R4hTk/x1UyoqadyJ9x9CgSi1RlVDQF8U2sxLLSnFkCaMihqljHIWgMg=="
    },
    "entities@4.5.0": {
      "integrity": "sha512-V0hjH4dGPh9Ao5p0MoRY6BVqtwCjhz6vI5LT8AJ55H+4g9/4vbHx1I54fS0XuclLhDHArPQCiMjDxjaL8fPxhw=="
    },
    "esbuild@0.23.1": {
      "integrity": "sha512-VVNz/9Sa0bs5SELtn3f7qhJCDPCF5oMEl5cO9/SSinpE9hbPVvxbd572HH5AKiP7WD8INO53GgfDDhRjkylHEg==",
      "dependencies": [
        "@esbuild/aix-ppc64@0.23.1",
        "@esbuild/android-arm@0.23.1",
        "@esbuild/android-arm64@0.23.1",
        "@esbuild/android-x64@0.23.1",
        "@esbuild/darwin-arm64@0.23.1",
        "@esbuild/darwin-x64@0.23.1",
        "@esbuild/freebsd-arm64@0.23.1",
        "@esbuild/freebsd-x64@0.23.1",
        "@esbuild/linux-arm@0.23.1",
        "@esbuild/linux-arm64@0.23.1",
        "@esbuild/linux-ia32@0.23.1",
        "@esbuild/linux-loong64@0.23.1",
        "@esbuild/linux-mips64el@0.23.1",
        "@esbuild/linux-ppc64@0.23.1",
        "@esbuild/linux-riscv64@0.23.1",
        "@esbuild/linux-s390x@0.23.1",
        "@esbuild/linux-x64@0.23.1",
        "@esbuild/netbsd-x64@0.23.1",
        "@esbuild/openbsd-arm64@0.23.1",
        "@esbuild/openbsd-x64@0.23.1",
        "@esbuild/sunos-x64@0.23.1",
        "@esbuild/win32-arm64@0.23.1",
        "@esbuild/win32-ia32@0.23.1",
        "@esbuild/win32-x64@0.23.1"
      ]
    },
    "esbuild@0.24.0": {
      "integrity": "sha512-FuLPevChGDshgSicjisSooU0cemp/sGXR841D5LHMB7mTVOmsEHcAxaH3irL53+8YDIeVNQEySh4DaYU/iuPqQ==",
      "dependencies": [
        "@esbuild/aix-ppc64@0.24.0",
        "@esbuild/android-arm@0.24.0",
        "@esbuild/android-arm64@0.24.0",
        "@esbuild/android-x64@0.24.0",
        "@esbuild/darwin-arm64@0.24.0",
        "@esbuild/darwin-x64@0.24.0",
        "@esbuild/freebsd-arm64@0.24.0",
        "@esbuild/freebsd-x64@0.24.0",
        "@esbuild/linux-arm@0.24.0",
        "@esbuild/linux-arm64@0.24.0",
        "@esbuild/linux-ia32@0.24.0",
        "@esbuild/linux-loong64@0.24.0",
        "@esbuild/linux-mips64el@0.24.0",
        "@esbuild/linux-ppc64@0.24.0",
        "@esbuild/linux-riscv64@0.24.0",
        "@esbuild/linux-s390x@0.24.0",
        "@esbuild/linux-x64@0.24.0",
        "@esbuild/netbsd-x64@0.24.0",
        "@esbuild/openbsd-arm64@0.24.0",
        "@esbuild/openbsd-x64@0.24.0",
        "@esbuild/sunos-x64@0.24.0",
        "@esbuild/win32-arm64@0.24.0",
        "@esbuild/win32-ia32@0.24.0",
        "@esbuild/win32-x64@0.24.0"
      ]
    },
    "estree-walker@2.0.2": {
      "integrity": "sha512-Rfkk/Mp/DL7JVje3u18FxFujQlTNR2q6QfMSMB7AvCBx91NGj/ba3kCfza0f6dVDbw7YlRf/nDrn7pQrCCyQ/w=="
    },
    "fastparse@1.1.2": {
      "integrity": "sha512-483XLLxTVIwWK3QTrMGRqUfUpoOs/0hbQrl2oz4J0pAcm3A3bu84wxTFqGqkJzewCLdME38xJLJAxBABfQT8sQ=="
    },
    "fdir@6.4.2_picomatch@4.0.2": {
      "integrity": "sha512-KnhMXsKSPZlAhp7+IjUkRZKPb4fUyccpDrdFXbi4QL1qkmFh9kVY09Yox+n4MaOb3lHZ1Tv829C3oaaXoMYPDQ==",
      "dependencies": [
        "picomatch@4.0.2"
      ]
    },
    "fill-range@7.1.1": {
      "integrity": "sha512-YsGpe3WHLK8ZYi4tWDg2Jy3ebRz2rXowDxnld4bkQB00cc/1Zw9AWnC0i9ztDJitivtQvaI9KaLyKrc+hBW0yg==",
      "dependencies": [
        "to-regex-range"
      ]
    },
    "fsevents@2.3.3": {
      "integrity": "sha512-5xoDfX+fL7faATnagmWPpbFtwh/R77WmMMqqHGS65C3vvB0YHrgF+B1YmZ3441tMj5n63k0212XNoJwzlhffQw=="
    },
    "get-tsconfig@4.8.1": {
      "integrity": "sha512-k9PN+cFBmaLWtVz29SkUoqU5O0slLuHJXt/2P+tMVFT+phsSGXGkp9t3rQIqdz0e+06EHNGs3oM6ZX1s2zHxRg==",
      "dependencies": [
        "resolve-pkg-maps"
      ]
    },
    "glob-parent@5.1.2": {
      "integrity": "sha512-AOIgSQCepiJYwP3ARnGx+5VnTu2HBYdzbGP45eLw1vr3zB3vZLeyed1sC9hnbcOc9/SrMyM5RPQrkGz4aS9Zow==",
      "dependencies": [
        "is-glob"
      ]
    },
    "globals@15.14.0": {
      "integrity": "sha512-OkToC372DtlQeje9/zHIo5CT8lRP/FUgEOKBEhU4e0abL7J7CD24fD9ohiLN5hagG/kWCYj4K5oaxxtj2Z0Dig=="
    },
    "gzip-size@6.0.0": {
      "integrity": "sha512-ax7ZYomf6jqPTQ4+XCpUGyXKHk5WweS+e05MBO4/y3WJ5RkmPXNKvX+bx1behVILVwr6JSQvZAku021CHPXG3Q==",
      "dependencies": [
        "duplexer"
      ]
    },
    "importx@0.5.1_esbuild@0.24.0": {
      "integrity": "sha512-YrRaigAec1sC2CdIJjf/hCH1Wp9Ii8Cq5ROw4k5nJ19FVl2FcJUHZ5gGIb1vs8+JNYIyOJpc2fcufS2330bxDw==",
      "dependencies": [
        "bundle-require",
        "debug",
        "esbuild@0.24.0",
        "jiti",
        "pathe",
        "tsx"
      ]
    },
    "is-binary-path@2.1.0": {
      "integrity": "sha512-ZMERYes6pDydyuGidse7OsHxtbI7WVeUEozgR/g7rd0xUimYNlvZRE/K2MgZTjWy725IfelLeVcEM97mmtRGXw==",
      "dependencies": [
        "binary-extensions"
      ]
    },
    "is-extglob@2.1.1": {
      "integrity": "sha512-SbKbANkN603Vi4jEZv49LeVJMn4yGwsbzZworEoyEiutsN3nJYdbO36zfhGJ6QEDpOZIFkDtnq5JRxmvl3jsoQ=="
    },
    "is-glob@4.0.3": {
      "integrity": "sha512-xelSayHH36ZgE7ZWhli7pW34hNbNl8Ojv5KVmkJD4hBdD3th8Tfk9vYasLM+mXWOZhFkgZfxhLSnrwRr4elSSg==",
      "dependencies": [
        "is-extglob"
      ]
    },
    "is-number@7.0.0": {
      "integrity": "sha512-41Cifkg6e8TylSpdtTpeLVMqvSBEVzTttHvERD741+pnZ8ANv0004MRL43QKPDlK9cGvNp6NZWZUBlbGXYxxng=="
    },
    "jiti@2.4.2": {
      "integrity": "sha512-rg9zJN+G4n2nfJl5MW3BMygZX56zKPNVEYYqq7adpmMh4Jn2QNEwhvQlFy6jPVdcod7txZtKHWnyZiA3a0zP7A=="
    },
    "jquery-validation-unobtrusive@4.0.0_jquery@3.7.1": {
      "integrity": "sha512-1ervYFFv6LX/rp7ktuLnMakHNG0piNRDyROI8Ir3hL1vPIwylAehB1AY3BPrYJnzW3WmwWryZq+Bz4sazZK9iQ==",
      "dependencies": [
        "jquery",
        "jquery-validation"
      ]
    },
    "jquery-validation@1.21.0_jquery@3.7.1": {
      "integrity": "sha512-xNot0rlUIgu7duMcQ5qb6MGkGL/Z1PQaRJQoZAURW9+a/2PGOUxY36o/WyNeP2T9R6jvWB8Z9lUVvvQWI/Zs5w==",
      "dependencies": [
        "jquery"
      ]
    },
    "jquery@3.7.1": {
      "integrity": "sha512-m4avr8yL8kmFN8psrbFFFmB/If14iN5o9nw/NgnnM+kybDJpRsAynV2BsfpTYrTRysYUdADVD7CkUUizgkpLfg=="
    },
    "kolorist@1.8.0": {
      "integrity": "sha512-Y+60/zizpJ3HRH8DCss+q95yr6145JXZo46OTpFvDZWLfRCE4qChOyk1b26nMaNpfHHgxagk9dXT5OP0Tfe+dQ=="
    },
    "load-tsconfig@0.2.5": {
      "integrity": "sha512-IXO6OCs9yg8tMKzfPZ1YmheJbZCiEsnBdcB03l0OcfK9prKnJb96siuHCr5Fl37/yo9DnKU+TLpxzTUspw9shg=="
    },
    "local-pkg@0.5.1": {
      "integrity": "sha512-9rrA30MRRP3gBD3HTGnC6cDFpaE1kVDWxWgqWJUN0RvDNAo+Nz/9GxB+nHOH0ifbVFy0hSA1V6vFDvnx54lTEQ==",
      "dependencies": [
        "mlly",
        "pkg-types"
      ]
    },
    "magic-string@0.30.17": {
      "integrity": "sha512-sNPKHvyjVf7gyjwS4xGTaW/mCnF8wnjtifKBEhxfZ7E/S8tQ0rssrwGNn6q8JH/ohItJfSQp9mBtQYuTlH5QnA==",
      "dependencies": [
        "@jridgewell/sourcemap-codec"
      ]
    },
    "mdn-data@2.0.28": {
      "integrity": "sha512-aylIc7Z9y4yzHYAJNuESG3hfhC+0Ibp/MAMiaOZgNv4pmEdFyfZhhhny4MNiAfWdBQ1RQ2mfDWmM1x8SvGyp8g=="
    },
    "mdn-data@2.0.30": {
      "integrity": "sha512-GaqWWShW4kv/G9IEucWScBx9G1/vsFZZJUO+tD26M8J8z3Kw5RDQjaoZe03YAClgeS/SWPOcb4nkFBTEi5DUEA=="
    },
    "mdn-data@2.12.2": {
      "integrity": "sha512-IEn+pegP1aManZuckezWCO+XZQDplx1366JoVhTpMpBB1sPey/SbveZQUosKiKiGYjg1wH4pMlNgXbCiYgihQA=="
    },
    "mlly@1.7.3": {
      "integrity": "sha512-xUsx5n/mN0uQf4V548PKQ+YShA4/IW0KI1dZhrNrPCLG+xizETbHTkOa1f8/xut9JRPp8kQuMnz0oqwkTiLo/A==",
      "dependencies": [
        "acorn",
        "pathe",
        "pkg-types",
        "ufo"
      ]
    },
    "mrmime@2.0.0": {
      "integrity": "sha512-eu38+hdgojoyq63s+yTpN4XMBdt5l8HhMhc4VKLO9KM5caLIBvUm4thi7fFaxyTmCKeNnXZ5pAlBwCUnhA09uw=="
    },
    "ms@2.1.3": {
      "integrity": "sha512-6FlzubTLZG3J2a/NVCAleEhjzq5oxgHyaCU9yYXvcLsvoVaHJq/s5xXI6/XXP6tz7R9xAOtHnSO/tXtF3WRTlA=="
    },
    "nanoid@3.3.8": {
      "integrity": "sha512-WNLf5Sd8oZxOm+TzppcYk8gVOgP+l58xNy58D0nbUnOxOWRWvlcCV4kUF7ltmI6PsrLl/BgKEyS4mqsGChFN0w=="
    },
    "node-fetch-native@1.6.4": {
      "integrity": "sha512-IhOigYzAKHd244OC0JIMIUrjzctirCmPkaIfhDeGcEETWof5zKYUW7e7MYvChGWh/4CJeXEgsRyGzuF334rOOQ=="
    },
    "normalize-path@3.0.0": {
      "integrity": "sha512-6eZs5Ls3WtCisHWp9S2GUy8dqkpGi4BVSz3GaqiE6ezub0512ESztXUwUB6C6IKbQkY2Pnb/mD4WYojCRwcwLA=="
    },
    "nth-check@2.1.1": {
      "integrity": "sha512-lqjrjmaOoAnWfMmBPL+XNnynZh2+swxiX3WUE0s4yEHI6m+AwrK2UZOimIRl3X/4QctVqS8AiZjFqyOGrMXb/w==",
      "dependencies": [
        "boolbase"
      ]
    },
    "ofetch@1.4.1": {
      "integrity": "sha512-QZj2DfGplQAr2oj9KzceK9Hwz6Whxazmn85yYeVuS3u9XTMOGMRx0kO95MQ+vLsj/S/NwBDMMLU5hpxvI6Tklw==",
      "dependencies": [
        "destr",
        "node-fetch-native",
        "ufo"
      ]
    },
    "package-manager-detector@0.2.7": {
      "integrity": "sha512-g4+387DXDKlZzHkP+9FLt8yKj8+/3tOkPv7DVTJGGRm00RkEWgqbFstX1mXJ4M0VDYhUqsTOiISqNOJnhAu3PQ=="
    },
    "pathe@1.1.2": {
      "integrity": "sha512-whLdWMYL2TwI08hn8/ZqAbrVemu0LNaNNJZX73O6qaIdCTfXutsLhMkjdENX0qhsQ9uIimo4/aQOmXkoon2nDQ=="
    },
    "perfect-debounce@1.0.0": {
      "integrity": "sha512-xCy9V055GLEqoFaHoC1SoLIaLmWctgCUaBaWxDZ7/Zx4CTyX7cJQLJOok/orfjZAh9kEYpjJa4d0KcJmCbctZA=="
    },
    "picocolors@1.1.1": {
      "integrity": "sha512-xceH2snhtb5M9liqDsmEw56le376mTZkEX/jEb/RxNFyegNul7eNslCXP9FDj/Lcu0X8KEyMceP2ntpaHrDEVA=="
    },
    "picomatch@2.3.1": {
      "integrity": "sha512-JU3teHTNjmE2VCGFzuY8EXzCDVwEqB2a8fsIvwaStHhAWJEeVd1o1QD80CU6+ZdEXXSLbSsuLwJjkCBWqRQUVA=="
    },
    "picomatch@4.0.2": {
      "integrity": "sha512-M7BAV6Rlcy5u+m6oPhAPFgJTzAioX/6B0DxyvDlo9l8+T3nLKbrczg2WLUyzd45L8RqfUMyGPzekbMvX2Ldkwg=="
    },
    "pkg-types@1.2.1": {
      "integrity": "sha512-sQoqa8alT3nHjGuTjuKgOnvjo4cljkufdtLMnO2LBP/wRwuDlo1tkaEdMxCRhyGRPacv/ztlZgDPm2b7FAmEvw==",
      "dependencies": [
        "confbox",
        "mlly",
        "pathe"
      ]
    },
    "postcss-js@4.0.1_postcss@8.4.49": {
      "integrity": "sha512-dDLF8pEO191hJMtlHFPRa8xsizHaM82MLfNkUHdUtVEV3tgTp5oj+8qbEqYM57SLfc74KSbw//4SeJma2LRVIw==",
      "dependencies": [
        "camelcase-css",
        "postcss"
      ]
    },
    "postcss-nested@5.0.6_postcss@8.4.49": {
      "integrity": "sha512-rKqm2Fk0KbA8Vt3AdGN0FB9OBOMDVajMG6ZCf/GoHgdxUJ4sBFp0A/uMIRm+MJUdo33YXEtjqIz8u7DAp8B7DA==",
      "dependencies": [
        "postcss",
        "postcss-selector-parser"
      ]
    },
    "postcss-selector-parser@6.1.2": {
      "integrity": "sha512-Q8qQfPiZ+THO/3ZrOrO0cJJKfpYCagtMUkXbnEfmgUjwXg6z/WBeOyS9APBBPCTSiDV+s4SwQGu8yFsiMRIudg==",
      "dependencies": [
        "cssesc",
        "util-deprecate"
      ]
    },
    "postcss@8.4.49": {
      "integrity": "sha512-OCVPnIObs4N29kxTjzLfUryOkvZEq+pf8jTF0lg8E7uETuWHA+v7j3c/xJmiqpX450191LlmZfUKkXxkTry7nA==",
      "dependencies": [
        "nanoid",
        "picocolors",
        "source-map-js"
      ]
    },
    "readdirp@3.6.0": {
      "integrity": "sha512-hOS089on8RduqdbhvQ5Z37A0ESjsqz6qnRcffsMU3495FuTdqSm+7bhJ29JvIOsBDEEnan5DPu9t3To9VRlMzA==",
      "dependencies": [
        "picomatch@2.3.1"
      ]
    },
    "resolve-pkg-maps@1.0.0": {
      "integrity": "sha512-seS2Tj26TBVOC2NIc2rOe2y2ZO7efxITtLZcGSOnHHNOQ7CkiUBfw0Iw2ck6xkIhPwLhKNLS8BO+hEpngQlqzw=="
    },
    "rollup@4.29.0": {
      "integrity": "sha512-pdftUn12oB9Qlka+Vpyc39R28D4NsP9Sz6neepSrekofJmWzPD1sxcSO9hEOxFF8+7Kz3sHvwSkkRREI28M1/w==",
      "dependencies": [
        "@rollup/rollup-android-arm-eabi",
        "@rollup/rollup-android-arm64",
        "@rollup/rollup-darwin-arm64",
        "@rollup/rollup-darwin-x64",
        "@rollup/rollup-freebsd-arm64",
        "@rollup/rollup-freebsd-x64",
        "@rollup/rollup-linux-arm-gnueabihf",
        "@rollup/rollup-linux-arm-musleabihf",
        "@rollup/rollup-linux-arm64-gnu",
        "@rollup/rollup-linux-arm64-musl",
        "@rollup/rollup-linux-loongarch64-gnu",
        "@rollup/rollup-linux-powerpc64le-gnu",
        "@rollup/rollup-linux-riscv64-gnu",
        "@rollup/rollup-linux-s390x-gnu",
        "@rollup/rollup-linux-x64-gnu",
        "@rollup/rollup-linux-x64-musl",
        "@rollup/rollup-win32-arm64-msvc",
        "@rollup/rollup-win32-ia32-msvc",
        "@rollup/rollup-win32-x64-msvc",
        "@types/estree",
        "fsevents"
      ]
    },
    "sirv@3.0.0": {
      "integrity": "sha512-BPwJGUeDaDCHihkORDchNyyTvWFhcusy1XMmhEVTQTwGeybFbp8YEmB+njbPnth1FibULBSBVwCQni25XlCUDg==",
      "dependencies": [
        "@polka/url",
        "mrmime",
        "totalist"
      ]
    },
    "source-map-js@1.2.1": {
      "integrity": "sha512-UXWMKhLOwVKb728IUtQPXxfYU+usdybtUrK/8uGE8CQMvrhOpwvzDBwj0QhSL7MQc7vIsISBG8VQ8+IDQxpfQA=="
    },
    "svgo@3.3.2": {
      "integrity": "sha512-OoohrmuUlBs8B8o6MB2Aevn+pRIH9zDALSR+6hhqVfa6fRwG/Qw9VUMSMW9VNg2CFc/MTIfabtdOVl9ODIJjpw==",
      "dependencies": [
        "@trysound/sax",
        "commander",
        "css-select",
        "css-tree@2.3.1",
        "css-what",
        "csso",
        "picocolors"
      ]
    },
    "tinyexec@0.3.1": {
      "integrity": "sha512-WiCJLEECkO18gwqIp6+hJg0//p23HXp4S+gGtAKu3mI2F2/sXC4FvHvXvB0zJVVaTPhx1/tOwdbRsa1sOBIKqQ=="
    },
    "tinyglobby@0.2.10_picomatch@4.0.2": {
      "integrity": "sha512-Zc+8eJlFMvgatPZTl6A9L/yht8QqdmUNtURHaKZLmKBE12hNPSrqNkUp2cs3M/UKmNVVAMFQYSjYIVHDjW5zew==",
      "dependencies": [
        "fdir",
        "picomatch@4.0.2"
      ]
    },
    "to-regex-range@5.0.1": {
      "integrity": "sha512-65P7iz6X5yEr1cwcgvQxbbIw7Uk3gOy5dIdtZ4rDveLqhrdJP+Li/Hx6tyK0NEb+2GCyneCMJiGqrADCSNk8sQ==",
      "dependencies": [
        "is-number"
      ]
    },
    "totalist@3.0.1": {
      "integrity": "sha512-sf4i37nQ2LBx4m3wB74y+ubopq6W/dIzXg0FDGjsYnZHVa1Da8FH853wlL2gtUhg+xJXjfk3kUZS3BRoQeoQBQ=="
    },
    "tsx@4.19.2": {
      "integrity": "sha512-pOUl6Vo2LUq/bSa8S5q7b91cgNSjctn9ugq/+Mvow99qW6x/UZYwzxy/3NmqoT66eHYfCVvFvACC58UBPFf28g==",
      "dependencies": [
        "esbuild@0.23.1",
        "fsevents",
        "get-tsconfig"
      ]
    },
    "typescript@5.7.2": {
      "integrity": "sha512-i5t66RHxDvVN40HfDd1PsEThGNnlMCMT3jMUuoh9/0TaqWevNontacunWyN02LA9/fIbEWlcHZcgTKb9QoaLfg=="
    },
    "ufo@1.5.4": {
      "integrity": "sha512-UsUk3byDzKd04EyoZ7U4DOlxQaD14JUKQl6/P7wiX4FNvUfm3XL246n9W5AmqwW5RSFJ27NAuM0iLscAOYUiGQ=="
    },
    "unconfig@0.6.0": {
      "integrity": "sha512-4C67J0nIF2QwSXty2kW3zZx1pMZ3iXabylvJWWgHybWVUcMf9pxwsngoQt0gC+AVstRywFqrRBp3qOXJayhpOw==",
      "dependencies": [
        "@antfu/utils",
        "defu",
        "importx"
      ]
    },
    "unocss@0.65.2_postcss@8.4.49_typescript@5.7.2": {
      "integrity": "sha512-PEN8Yltr/n6xdNcI9iqIK4Dp/fpQ1bPa4aR2TwFg2lV6aRA2PNzarviqL62oOqXYSyQ4sqW3s/oaWD3JGOgJ1A==",
      "dependencies": [
        "@unocss/astro",
        "@unocss/cli",
        "@unocss/core",
        "@unocss/postcss",
        "@unocss/preset-attributify",
        "@unocss/preset-icons",
        "@unocss/preset-mini",
        "@unocss/preset-tagify",
        "@unocss/preset-typography",
        "@unocss/preset-uno",
        "@unocss/preset-web-fonts",
        "@unocss/preset-wind",
        "@unocss/transformer-attributify-jsx",
        "@unocss/transformer-compile-class",
        "@unocss/transformer-directives",
        "@unocss/transformer-variant-group",
        "@unocss/vite"
      ]
    },
    "unocss@0.65.2_typescript@5.7.2": {
      "integrity": "sha512-PEN8Yltr/n6xdNcI9iqIK4Dp/fpQ1bPa4aR2TwFg2lV6aRA2PNzarviqL62oOqXYSyQ4sqW3s/oaWD3JGOgJ1A==",
      "dependencies": [
        "@unocss/astro",
        "@unocss/cli",
        "@unocss/core",
        "@unocss/postcss",
        "@unocss/preset-attributify",
        "@unocss/preset-icons",
        "@unocss/preset-mini",
        "@unocss/preset-tagify",
        "@unocss/preset-typography",
        "@unocss/preset-uno",
        "@unocss/preset-web-fonts",
        "@unocss/preset-wind",
        "@unocss/transformer-attributify-jsx",
        "@unocss/transformer-compile-class",
        "@unocss/transformer-directives",
        "@unocss/transformer-variant-group",
        "@unocss/vite"
      ]
    },
    "util-deprecate@1.0.2": {
      "integrity": "sha512-EPD5q1uXyFxJpCrLnCc1nHnq3gOa6DZBocAIiI2TaSCA7VCJ1UJDMagCzIkXNsUYfD1daK//LTEQ8xiIbrHtcw=="
    },
    "vite@6.0.5": {
      "integrity": "sha512-akD5IAH/ID5imgue2DYhzsEwCi0/4VKY31uhMLEYJwPP4TiUp8pL5PIK+Wo7H8qT8JY9i+pVfPydcFPYD1EL7g==",
      "dependencies": [
        "esbuild@0.24.0",
        "fsevents",
        "postcss",
        "rollup"
      ]
    },
    "vue-flow-layout@0.1.1_vue@3.5.13__typescript@5.7.2_typescript@5.7.2": {
      "integrity": "sha512-JdgRRUVrN0Y2GosA0M68DEbKlXMqJ7FQgsK8CjQD2vxvNSqAU6PZEpi4cfcTVtfM2GVOMjHo7GKKLbXxOBqDqA==",
      "dependencies": [
        "vue"
      ]
    },
    "vue@3.5.13_typescript@5.7.2": {
      "integrity": "sha512-wmeiSMxkZCSc+PM2w2VRsOYAZC8GdipNFRTsLSfodVqI9mbejKeXEGr8SckuLnrQPGe3oJN5c3K0vpoU9q/wCQ==",
      "dependencies": [
        "@vue/compiler-dom",
        "@vue/compiler-sfc",
        "@vue/runtime-dom",
        "@vue/server-renderer",
        "@vue/shared",
        "typescript"
      ]
    }
  },
  "workspace": {
    "packageJson": {
      "dependencies": [
        "npm:@ameinhardt/unocss-preset-daisy@^1.1.3",
        "npm:@iconify-json/fa6-brands@^1.2.5",
        "npm:@iconify-json/fa@^1.2.1",
        "npm:@iconify-json/mdi@^1.2.2",
        "npm:@iconify-json/simple-icons@^1.2.16",
        "npm:@unocss/cli@~0.65.2",
        "npm:@unocss/reset@~0.65.2",
        "npm:daisyui@^4.12.22",
        "npm:jquery-validation-unobtrusive@4",
        "npm:jquery-validation@^1.21.0",
        "npm:jquery@^3.7.1",
        "npm:svgo@^3.3.2",
        "npm:typescript@^5.7.2",
        "npm:unocss@~0.65.2"
      ]
    }
  }
}
